
Microsoft Visual Studio Solution File, Format Version 12.00
# Visual Studio Version 16
VisualStudioVersion = 16.0.30114.105
MinimumVisualStudioVersion = 10.0.40219.1
Project("{FAE04EC0-301F-11D3-BF4B-00C04F79EFBC}") = "FileWatcher", "FileWatcher\FileWatcher.csproj", "{8099D5AB-ABBB-4A58-9F44-20B19BFEDD46}"
EndProject
Global
	GlobalSection(SolutionConfigurationPlatforms) = preSolution
		Debug|Any CPU = Debug|Any CPU
		Debug|x64 = Debug|x64
		Debug|x86 = Debug|x86
		Release|Any CPU = Release|Any CPU
		Release|x64 = Release|x64
		Release|x86 = Release|x86
	EndGlobalSection
	GlobalSection(ProjectConfigurationPlatforms) = postSolution
		{8099D5AB-ABBB-4A58-9F44-20B19BFEDD46}.Debug|Any CPU.ActiveCfg = Debug|Any CPU
		{8099D5AB-ABBB-4A58-9F44-20B19BFEDD46}.Debug|Any CPU.Build.0 = Debug|Any CPU
		{8099D5AB-ABBB-4A58-9F44-20B19BFEDD46}.Debug|x64.ActiveCfg = Debug|x64
		{8099D5AB-ABBB-4A58-9F44-20B19BFEDD46}.Debug|x64.Build.0 = Debug|x64
		{8099D5AB-ABBB-4A58-9F44-20B19BFEDD46}.Debug|x86.ActiveCfg = Debug|x86
		{8099D5AB-ABBB-4A58-9F44-20B19BFEDD46}.Debug|x86.Build.0 = Debug|x86
		{8099D5AB-ABBB-4A58-9F44-20B19BFEDD46}.Release|Any CPU.ActiveCfg = Release|Any CPU
		{8099D5AB-ABBB-4A58-9F44-20B19BFEDD46}.Release|Any CPU.Build.0 = Release|Any CPU
		{8099D5AB-ABBB-4A58-9F44-20B19BFEDD46}.Release|x64.ActiveCfg = Release|x64
		{8099D5AB-ABBB-4A58-9F44-20B19BFEDD46}.Release|x64.Build.0 = Release|x64
		{8099D5AB-ABBB-4A58-9F44-20B19BFEDD46}.Release|x86.ActiveCfg = Release|x86
		{8099D5AB-ABBB-4A58-9F44-20B19BFEDD46}.Release|x86.Build.0 = Release|x86
	EndGlobalSection
	GlobalSection(SolutionProperties) = preSolution
		HideSolutionNode = FALSE
	EndGlobalSection
	GlobalSection(ExtensibilityGlobals) = postSolution
		SolutionGuid = {319203AE-2264-441F-99DB-B691A53F8C97}
	EndGlobalSection
EndGlobal
